
Microsoft Visual Studio Solution File, Format Version 12.00
# Visual Studio Version 16
VisualStudioVersion = 16.0.29201.188
MinimumVisualStudioVersion = 10.0.40219.1
Project("{F184B08F-C81C-45F6-A57F-5ABD9991F28F}") = "Picture-Viewer-and-Editor", "Picture-Viewer-and-Editor\Picture-Viewer-and-Editor.vbproj", "{8FD9F8BF-C2B4-452E-ADF2-E54275F5CE8A}"
EndProject
Global
	GlobalSection(SolutionConfigurationPlatforms) = preSolution
		Debug|Any CPU = Debug|Any CPU
		Release|Any CPU = Release|Any CPU
	EndGlobalSection
	GlobalSection(ProjectConfigurationPlatforms) = postSolution
		{8FD9F8BF-C2B4-452E-ADF2-E54275F5CE8A}.Debug|Any CPU.ActiveCfg = Debug|Any CPU
		{8FD9F8BF-C2B4-452E-ADF2-E54275F5CE8A}.Debug|Any CPU.Build.0 = Debug|Any CPU
		{8FD9F8BF-C2B4-452E-ADF2-E54275F5CE8A}.Release|Any CPU.ActiveCfg = Release|Any CPU
		{8FD9F8BF-C2B4-452E-ADF2-E54275F5CE8A}.Release|Any CPU.Build.0 = Release|Any CPU
	EndGlobalSection
	GlobalSection(SolutionProperties) = preSolution
		HideSolutionNode = FALSE
	EndGlobalSection
	GlobalSection(ExtensibilityGlobals) = postSolution
		SolutionGuid = {6589101A-4406-454A-B3ED-A7279C08D903}
	EndGlobalSection
EndGlobal
